
Microsoft Visual Studio Solution File, Format Version 12.00
# Visual Studio Version 16
VisualStudioVersion = 16.0.31313.79
MinimumVisualStudioVersion = 10.0.40219.1
Project("{8BC9CEB8-8B4A-11D0-8D11-00A0C91BC942}") = "kbh_receiver", "kbh_receiver\kbh_receiver.vcxproj", "{A55B43F5-0952-4B01-AF0B-E7A120F47BA1}"
EndProject
Project("{8BC9CEB8-8B4A-11D0-8D11-00A0C91BC942}") = "kbh_sender", "kbh_sender\kbh_sender.vcxproj", "{00A8E339-7430-4F51-94BB-62FA7B7409FB}"
EndProject
Global
	GlobalSection(SolutionConfigurationPlatforms) = preSolution
		Debug|x64 = Debug|x64
		Debug|x86 = Debug|x86
		Release|x64 = Release|x64
		Release|x86 = Release|x86
	EndGlobalSection
	GlobalSection(ProjectConfigurationPlatforms) = postSolution
		{A55B43F5-0952-4B01-AF0B-E7A120F47BA1}.Debug|x64.ActiveCfg = Debug|x64
		{A55B43F5-0952-4B01-AF0B-E7A120F47BA1}.Debug|x64.Build.0 = Debug|x64
		{A55B43F5-0952-4B01-AF0B-E7A120F47BA1}.Debug|x86.ActiveCfg = Debug|Win32
		{A55B43F5-0952-4B01-AF0B-E7A120F47BA1}.Debug|x86.Build.0 = Debug|Win32
		{A55B43F5-0952-4B01-AF0B-E7A120F47BA1}.Release|x64.ActiveCfg = Release|x64
		{A55B43F5-0952-4B01-AF0B-E7A120F47BA1}.Release|x64.Build.0 = Release|x64
		{A55B43F5-0952-4B01-AF0B-E7A120F47BA1}.Release|x86.ActiveCfg = Release|Win32
		{A55B43F5-0952-4B01-AF0B-E7A120F47BA1}.Release|x86.Build.0 = Release|Win32
		{00A8E339-7430-4F51-94BB-62FA7B7409FB}.Debug|x64.ActiveCfg = Debug|x64
		{00A8E339-7430-4F51-94BB-62FA7B7409FB}.Debug|x64.Build.0 = Debug|x64
		{00A8E339-7430-4F51-94BB-62FA7B7409FB}.Debug|x86.ActiveCfg = Debug|Win32
		{00A8E339-7430-4F51-94BB-62FA7B7409FB}.Debug|x86.Build.0 = Debug|Win32
		{00A8E339-7430-4F51-94BB-62FA7B7409FB}.Release|x64.ActiveCfg = Release|x64
		{00A8E339-7430-4F51-94BB-62FA7B7409FB}.Release|x64.Build.0 = Release|x64
		{00A8E339-7430-4F51-94BB-62FA7B7409FB}.Release|x86.ActiveCfg = Release|Win32
		{00A8E339-7430-4F51-94BB-62FA7B7409FB}.Release|x86.Build.0 = Release|Win32
	EndGlobalSection
	GlobalSection(SolutionProperties) = preSolution
		HideSolutionNode = FALSE
	EndGlobalSection
	GlobalSection(ExtensibilityGlobals) = postSolution
		SolutionGuid = {58EA6DDE-E296-46EA-93CA-CD6E7AE5D171}
	EndGlobalSection
EndGlobal
